
Microsoft Visual Studio Solution File, Format Version 12.00
# Visual Studio Version 17
VisualStudioVersion = 17.13.35913.81 d17.13
MinimumVisualStudioVersion = 10.0.40219.1
Project("{FAE04EC0-301F-11D3-BF4B-00C04F79EFBC}") = "BLL", "BLL\BLL.csproj", "{696E3DC8-8AAD-4A5C-8EDF-5D000820A45D}"
EndProject
Project("{FAE04EC0-301F-11D3-BF4B-00C04F79EFBC}") = "DAL", "DAL\DAL.csproj", "{BE88EF35-79B2-46F5-B2D8-872DFFC0D796}"
EndProject
Project("{FAE04EC0-301F-11D3-BF4B-00C04F79EFBC}") = "PGTS_WPF", "PGTS_WPF\PGTS_WPF.csproj", "{8FD7877D-C96C-495E-8857-11F39D543A18}"
EndProject
Global
	GlobalSection(SolutionConfigurationPlatforms) = preSolution
		Debug|Any CPU = Debug|Any CPU
		Release|Any CPU = Release|Any CPU
	EndGlobalSection
	GlobalSection(ProjectConfigurationPlatforms) = postSolution
		{696E3DC8-8AAD-4A5C-8EDF-5D000820A45D}.Debug|Any CPU.ActiveCfg = Debug|Any CPU
		{696E3DC8-8AAD-4A5C-8EDF-5D000820A45D}.Debug|Any CPU.Build.0 = Debug|Any CPU
		{696E3DC8-8AAD-4A5C-8EDF-5D000820A45D}.Release|Any CPU.ActiveCfg = Release|Any CPU
		{696E3DC8-8AAD-4A5C-8EDF-5D000820A45D}.Release|Any CPU.Build.0 = Release|Any CPU
		{BE88EF35-79B2-46F5-B2D8-872DFFC0D796}.Debug|Any CPU.ActiveCfg = Debug|Any CPU
		{BE88EF35-79B2-46F5-B2D8-872DFFC0D796}.Debug|Any CPU.Build.0 = Debug|Any CPU
		{BE88EF35-79B2-46F5-B2D8-872DFFC0D796}.Release|Any CPU.ActiveCfg = Release|Any CPU
		{BE88EF35-79B2-46F5-B2D8-872DFFC0D796}.Release|Any CPU.Build.0 = Release|Any CPU
		{8FD7877D-C96C-495E-8857-11F39D543A18}.Debug|Any CPU.ActiveCfg = Debug|Any CPU
		{8FD7877D-C96C-495E-8857-11F39D543A18}.Debug|Any CPU.Build.0 = Debug|Any CPU
		{8FD7877D-C96C-495E-8857-11F39D543A18}.Release|Any CPU.ActiveCfg = Release|Any CPU
		{8FD7877D-C96C-495E-8857-11F39D543A18}.Release|Any CPU.Build.0 = Release|Any CPU
	EndGlobalSection
	GlobalSection(SolutionProperties) = preSolution
		HideSolutionNode = FALSE
	EndGlobalSection
	GlobalSection(ExtensibilityGlobals) = postSolution
		SolutionGuid = {6BF5BD81-BC31-4CCF-A091-326087F45F9D}
	EndGlobalSection
EndGlobal
